
Microsoft Visual Studio Solution File, Format Version 12.00
# Visual Studio 15
VisualStudioVersion = 15.0.27428.2005
MinimumVisualStudioVersion = 10.0.40219.1
Project("{FAE04EC0-301F-11D3-BF4B-00C04F79EFBC}") = "Server", "Server\Server.csproj", "{6EA92F08-9DB1-4FCB-8D3B-59A634CFC60C}"
EndProject
Project("{E53339B2-1760-4266-BCC7-CA923CBCF16C}") = "docker-compose", "docker-compose.dcproj", "{AE2D4A95-36BA-4423-9662-A9823BD1EB92}"
EndProject
Project("{FAE04EC0-301F-11D3-BF4B-00C04F79EFBC}") = "Client-Writer", "Client\Client-Writer.csproj", "{D5EB6C56-4503-4624-9661-B02B16498795}"
	ProjectSection(ProjectDependencies) = postProject
		{6EA92F08-9DB1-4FCB-8D3B-59A634CFC60C} = {6EA92F08-9DB1-4FCB-8D3B-59A634CFC60C}
	EndProjectSection
EndProject
Project("{FAE04EC0-301F-11D3-BF4B-00C04F79EFBC}") = "Client-Reader", "..\Client-Reader\Client-Reader.csproj", "{C5F2D2C2-63DA-4915-B1B3-8CE601044876}"
	ProjectSection(ProjectDependencies) = postProject
		{6EA92F08-9DB1-4FCB-8D3B-59A634CFC60C} = {6EA92F08-9DB1-4FCB-8D3B-59A634CFC60C}
	EndProjectSection
EndProject
Global
	GlobalSection(SolutionConfigurationPlatforms) = preSolution
		Debug|Any CPU = Debug|Any CPU
		Release|Any CPU = Release|Any CPU
	EndGlobalSection
	GlobalSection(ProjectConfigurationPlatforms) = postSolution
		{6EA92F08-9DB1-4FCB-8D3B-59A634CFC60C}.Debug|Any CPU.ActiveCfg = Debug|Any CPU
		{6EA92F08-9DB1-4FCB-8D3B-59A634CFC60C}.Debug|Any CPU.Build.0 = Debug|Any CPU
		{6EA92F08-9DB1-4FCB-8D3B-59A634CFC60C}.Release|Any CPU.ActiveCfg = Release|Any CPU
		{6EA92F08-9DB1-4FCB-8D3B-59A634CFC60C}.Release|Any CPU.Build.0 = Release|Any CPU
		{AE2D4A95-36BA-4423-9662-A9823BD1EB92}.Debug|Any CPU.ActiveCfg = Debug|Any CPU
		{AE2D4A95-36BA-4423-9662-A9823BD1EB92}.Debug|Any CPU.Build.0 = Debug|Any CPU
		{AE2D4A95-36BA-4423-9662-A9823BD1EB92}.Release|Any CPU.ActiveCfg = Release|Any CPU
		{AE2D4A95-36BA-4423-9662-A9823BD1EB92}.Release|Any CPU.Build.0 = Release|Any CPU
		{D5EB6C56-4503-4624-9661-B02B16498795}.Debug|Any CPU.ActiveCfg = Debug|Any CPU
		{D5EB6C56-4503-4624-9661-B02B16498795}.Debug|Any CPU.Build.0 = Debug|Any CPU
		{D5EB6C56-4503-4624-9661-B02B16498795}.Release|Any CPU.ActiveCfg = Release|Any CPU
		{D5EB6C56-4503-4624-9661-B02B16498795}.Release|Any CPU.Build.0 = Release|Any CPU
		{C5F2D2C2-63DA-4915-B1B3-8CE601044876}.Debug|Any CPU.ActiveCfg = Debug|Any CPU
		{C5F2D2C2-63DA-4915-B1B3-8CE601044876}.Debug|Any CPU.Build.0 = Debug|Any CPU
		{C5F2D2C2-63DA-4915-B1B3-8CE601044876}.Release|Any CPU.ActiveCfg = Release|Any CPU
		{C5F2D2C2-63DA-4915-B1B3-8CE601044876}.Release|Any CPU.Build.0 = Release|Any CPU
	EndGlobalSection
	GlobalSection(SolutionProperties) = preSolution
		HideSolutionNode = FALSE
	EndGlobalSection
	GlobalSection(ExtensibilityGlobals) = postSolution
		SolutionGuid = {208ECC12-3D78-4C8C-A795-F4A630F4F513}
	EndGlobalSection
EndGlobal
